{
  "name": "sanity-config",
  "lockfileVersion": 3,
  "requires": true,
  "packages": {
    "": {
      "name": "sanity-config",
      "dependencies": {
        "@sanity/assist": "^3.0.8",
        "@sanity/image-url": "^1.0.2",
        "@sanity/preview-url-secret": "^2.0.0",
        "@sanity/vision": "^3.62.2",
        "date-fns": "^4.1.0",
        "react": "^18.3.1",
        "react-dom": "^18.3.1",
        "sanity-plugin-media": "^2.3.2"
      }
    },
    "../../node_modules/.pnpm/@sanity+assist@3.0.8_@sanity+mutator@3.62.2_react-dom@19.0.0-rc-69d4b800-20241021_react@18.3._ifbty2lfyd7jpnzxobuktuthbe/node_modules/@sanity/assist": {
      "version": "3.0.8",
      "license": "MIT",
      "dependencies": {
        "@sanity/icons": "^2.11.7",
        "@sanity/incompatible-plugin": "^1.0.4",
        "@sanity/ui": "^2.1.0",
        "date-fns": "^3.6.0",
        "lodash": "^4.17.21",
        "lodash-es": "^4.17.21",
        "react-fast-compare": "^3.2.2",
        "rxjs": "^7.8.1",
        "rxjs-exhaustmap-with-trailing": "^2.1.1"
      },
      "devDependencies": {
        "@commitlint/cli": "^19.2.1",
        "@commitlint/config-conventional": "^19.1.0",
        "@rollup/plugin-image": "^3.0.3",
        "@sanity/pkg-utils": "^6.1.0",
        "@sanity/plugin-kit": "^3.1.10",
        "@sanity/semantic-release-preset": "^4.1.7",
        "@types/lodash": "^4.17.0",
        "@types/lodash-es": "^4.17.12",
        "@types/react": "^18.2.75",
        "@typescript-eslint/eslint-plugin": "^7.6.0",
        "@typescript-eslint/parser": "^7.6.0",
        "eslint": "^8.57.0",
        "eslint-config-prettier": "^9.1.0",
        "eslint-config-sanity": "^7.1.2",
        "eslint-plugin-prettier": "^5.1.3",
        "eslint-plugin-react": "^7.34.1",
        "eslint-plugin-react-hooks": "^4.6.0",
        "npm-run-all2": "^5.0.2",
        "react": "^18.2.0",
        "react-dom": "^18.2.0",
        "rimraf": "^5.0.5",
        "sanity": "^3.37.2",
        "semantic-release": "^23.0.8",
        "styled-components": "^6.1.8",
        "typescript": "5.4.2",
        "vitest": "^1.4.0"
      },
      "engines": {
        "node": ">=14"
      },
      "peerDependencies": {
        "@sanity/mutator": "^3.36.4",
        "react": "^18",
        "sanity": "^3.36.4",
        "styled-components": "^6.1"
      }
    },
    "../../node_modules/.pnpm/@sanity+image-url@1.0.2/node_modules/@sanity/image-url": {
      "version": "1.0.2",
      "license": "MIT",
      "devDependencies": {
        "@types/jest": "^27.4.0",
        "@types/node": "^17.0.18",
        "jest": "^27.5.1",
        "microbundle": "^0.15.1",
        "prettier": "^2.5.1",
        "rimraf": "^3.0.2",
        "ts-jest": "^27.1.3",
        "tslint": "^6.1.3",
        "tslint-config-prettier": "^1.15.0",
        "typescript": "^4.5.5"
      },
      "engines": {
        "node": ">=10.0.0"
      }
    },
    "../../node_modules/.pnpm/@sanity+preview-url-secret@2.0.0_@sanity+client@6.22.2_debug@4.3.7_/node_modules/@sanity/preview-url-secret": {
      "version": "2.0.0",
      "license": "MIT",
      "dependencies": {
        "@sanity/uuid": "3.0.2"
      },
      "devDependencies": {
        "@repo/eslint-config": "0.0.0",
        "@repo/package.config": "0.0.0",
        "@repo/prettier-config": "0.0.0",
        "@sanity/client": "^6.22.2",
        "@sanity/icons": "^3.4.0",
        "@sanity/pkg-utils": "6.11.4",
        "eslint": "^8.57.1",
        "sanity": "^3.61.0",
        "typescript": "5.6.3",
        "vitest": "^2.1.3"
      },
      "engines": {
        "node": ">=18"
      },
      "peerDependencies": {
        "@sanity/client": "^6.22.2"
      }
    },
    "../../node_modules/.pnpm/@sanity+vision@3.62.2_@babel+runtime@7.26.0_@codemirror+lint@6.8.2_@codemirror+theme-one-dark_okeep6tzrimugq26n3mme4giv4/node_modules/@sanity/vision": {
      "version": "3.62.2",
      "license": "MIT",
      "dependencies": {
        "@codemirror/autocomplete": "^6.1.0",
        "@codemirror/commands": "^6.0.1",
        "@codemirror/lang-javascript": "^6.0.2",
        "@codemirror/language": "^6.2.1",
        "@codemirror/search": "^6.0.1",
        "@codemirror/state": "^6.0.0",
        "@codemirror/view": "^6.1.1",
        "@juggle/resize-observer": "^3.3.1",
        "@lezer/highlight": "^1.0.0",
        "@rexxars/react-json-inspector": "^8.0.1",
        "@rexxars/react-split-pane": "^0.1.93",
        "@sanity/color": "^3.0.0",
        "@sanity/icons": "^3.4.0",
        "@sanity/ui": "^2.8.10",
        "@uiw/react-codemirror": "^4.11.4",
        "is-hotkey-esm": "^1.0.0",
        "json-2-csv": "^5.5.1",
        "json5": "^2.2.3",
        "lodash": "^4.17.21",
        "quick-lru": "^5.1.1"
      },
      "devDependencies": {
        "@repo/package.config": "3.62.2",
        "@sanity/block-tools": "3.62.2",
        "@sanity/cli": "3.62.2",
        "@sanity/client": "^6.22.2",
        "@sanity/codegen": "3.62.2",
        "@sanity/diff": "3.62.2",
        "@sanity/migrate": "3.62.2",
        "@sanity/mutator": "3.62.2",
        "@sanity/schema": "3.62.2",
        "@sanity/types": "3.62.2",
        "@sanity/util": "3.62.2",
        "@types/lodash": "^4.17.7",
        "react": "^18.3.1",
        "sanity": "3.62.2",
        "styled-components": "^6.1.13"
      },
      "peerDependencies": {
        "react": "^18",
        "styled-components": "^6.1"
      }
    },
    "../../node_modules/.pnpm/date-fns@4.1.0/node_modules/date-fns": {
      "version": "4.1.0",
      "license": "MIT",
      "devDependencies": {
        "@arethetypeswrong/cli": "^0.16.2",
        "@babel/cli": "^7.22.10",
        "@babel/core": "^7.22.10",
        "@babel/preset-env": "^7.22.10",
        "@babel/preset-typescript": "^7.22.5",
        "@date-fns/docs": "^0.38.0",
        "@date-fns/tz": "^1.0.2",
        "@date-fns/utc": "^1.2.0",
        "@octokit/core": "^3.2.5",
        "@size-limit/esbuild": "^11.0.1",
        "@size-limit/file": "^11.0.1",
        "@types/bun": "^1.1.9",
        "@types/lodash": "^4.14.202",
        "@types/node": "^20.14.2",
        "@types/sinon": "^9.0.6",
        "@typescript-eslint/eslint-plugin": "^8.5.0",
        "@typescript-eslint/parser": "^8.5.0",
        "@vitest/browser": "^1.3.1",
        "@vitest/coverage-v8": "^1.3.1",
        "babel-plugin-replace-import-extension": "^1.1.4",
        "bun": "^1.1.27",
        "cloc": "^2.2.0",
        "coveralls": "^3.1.1",
        "eslint": "^9.10.0",
        "firebase": "^3.7.1",
        "fp-ts": "^2.16.2",
        "js-fns": "^2.5.1",
        "jscodeshift": "^0.15.2",
        "lodash": "^4.17.21",
        "playwright": "^1.40.1",
        "prettier": "^3.1.0",
        "simple-git": "^2.35.2",
        "sinon": "^7.4.1",
        "size-limit": "^11.0.1",
        "tsx": "^4.6.1",
        "typedoc": "^0.26.7",
        "typedoc-plugin-missing-exports": "^3.0.0",
        "typescript": "^5.4.5",
        "vitest": "^1.3.1"
      },
      "funding": {
        "type": "github",
        "url": "https://github.com/sponsors/kossnocorp"
      }
    },
    "../../node_modules/.pnpm/sanity-plugin-media@2.3.2_@sanity+ui@2.8.10_react-dom@19.0.0-rc-69d4b800-20241021_react@18.3._22ytm5kzcz36vhxv4s3poporvi/node_modules/sanity-plugin-media": {
      "version": "2.3.2",
      "license": "MIT",
      "dependencies": {
        "@hookform/resolvers": "^3.1.1",
        "@reduxjs/toolkit": "^1.9.0",
        "@sanity/incompatible-plugin": "^1.0.4",
        "@sanity/ui": "^1.9.3",
        "@sanity/uuid": "^3.0.1",
        "@tanem/react-nprogress": "^5.0.0",
        "copy-to-clipboard": "^3.3.1",
        "date-fns": "^2.27.0",
        "filesize": "^9.0.0",
        "groq": "^3.0.0",
        "is-hotkey": "^0.2.0",
        "nanoid": "^3.3.3",
        "npm-run-all": "^4.1.5",
        "pluralize": "^8.0.0",
        "react-dropzone": "^11.3.1",
        "react-file-icon": "^1.1.0",
        "react-hook-form": "^7.45.1",
        "react-redux": "^7.2.2",
        "react-select": "^5.3.2",
        "react-virtuoso": "^4.3.11",
        "redux": "^4.2.0",
        "redux-observable": "^2.0.0",
        "rxjs": "^7.0.0",
        "zod": "^3.21.4"
      },
      "devDependencies": {
        "@commitlint/cli": "^17.2.0",
        "@commitlint/config-conventional": "^17.2.0",
        "@sanity/client": "^6.7.0",
        "@sanity/color": "^2.1.20",
        "@sanity/icons": "^2.0.0",
        "@sanity/pkg-utils": "^2.4.8",
        "@sanity/plugin-kit": "^3.1.10",
        "@sanity/semantic-release-preset": "^2.0.2",
        "@types/is-hotkey": "^0.1.7",
        "@types/pluralize": "^0.0.29",
        "@types/react": "^18",
        "@types/react-dom": "^18",
        "@types/react-file-icon": "^1.0.1",
        "@types/react-redux": "^7.1.24",
        "@types/styled-components": "^5.1.7",
        "@typescript-eslint/eslint-plugin": "^5.42.0",
        "@typescript-eslint/parser": "^5.42.0",
        "conventional-changelog-conventionalcommits": "^5.0.0",
        "eslint": "^8.27.0",
        "eslint-config-prettier": "^8.5.0",
        "eslint-config-sanity": "^6.0.0",
        "eslint-plugin-prettier": "^4.2.1",
        "eslint-plugin-react": "^7.31.10",
        "eslint-plugin-react-hooks": "^4.6.0",
        "husky": "^8.0.2",
        "lint-staged": "^13.0.3",
        "prettier": "^2.7.1",
        "prettier-plugin-packagejson": "^2.3.0",
        "react": "^18",
        "react-dom": "^18",
        "rimraf": "^3.0.2",
        "sanity": "^3.2.0",
        "standard-version": "^9.5.0",
        "styled-components": "^5.3.3",
        "typescript": "^4.8.4"
      },
      "engines": {
        "node": ">=14"
      },
      "peerDependencies": {
        "@sanity/ui": "^1.0 || ^2.0",
        "react": "^18",
        "react-dom": "^18",
        "sanity": "^3.0.0",
        "styled-components": "^5.0 || ^6.0"
      }
    },
    "node_modules/@sanity/assist": {
      "resolved": "../../node_modules/.pnpm/@sanity+assist@3.0.8_@sanity+mutator@3.62.2_react-dom@19.0.0-rc-69d4b800-20241021_react@18.3._ifbty2lfyd7jpnzxobuktuthbe/node_modules/@sanity/assist",
      "link": true
    },
    "node_modules/@sanity/image-url": {
      "resolved": "../../node_modules/.pnpm/@sanity+image-url@1.0.2/node_modules/@sanity/image-url",
      "link": true
    },
    "node_modules/@sanity/preview-url-secret": {
      "resolved": "../../node_modules/.pnpm/@sanity+preview-url-secret@2.0.0_@sanity+client@6.22.2_debug@4.3.7_/node_modules/@sanity/preview-url-secret",
      "link": true
    },
    "node_modules/@sanity/vision": {
      "resolved": "../../node_modules/.pnpm/@sanity+vision@3.62.2_@babel+runtime@7.26.0_@codemirror+lint@6.8.2_@codemirror+theme-one-dark_okeep6tzrimugq26n3mme4giv4/node_modules/@sanity/vision",
      "link": true
    },
    "node_modules/date-fns": {
      "resolved": "../../node_modules/.pnpm/date-fns@4.1.0/node_modules/date-fns",
      "link": true
    },
    "node_modules/js-tokens": {
      "version": "4.0.0",
      "resolved": "https://registry.npmjs.org/js-tokens/-/js-tokens-4.0.0.tgz",
      "integrity": "sha512-RdJUflcE3cUzKiMqQgsCu06FPu9UdIJO0beYbPhHN4k6apgJtifcoCtT9bcxOpYBtpD2kCM6Sbzg4CausW/PKQ==",
      "license": "MIT"
    },
    "node_modules/loose-envify": {
      "version": "1.4.0",
      "resolved": "https://registry.npmjs.org/loose-envify/-/loose-envify-1.4.0.tgz",
      "integrity": "sha512-lyuxPGr/Wfhrlem2CL/UcnUc1zcqKAImBDzukY7Y5F/yQiNdko6+fRLevlw1HgMySw7f611UIY408EtxRSoK3Q==",
      "license": "MIT",
      "dependencies": {
        "js-tokens": "^3.0.0 || ^4.0.0"
      },
      "bin": {
        "loose-envify": "cli.js"
      }
    },
    "node_modules/react": {
      "version": "18.3.1",
      "resolved": "https://registry.npmjs.org/react/-/react-18.3.1.tgz",
      "integrity": "sha512-wS+hAgJShR0KhEvPJArfuPVN1+Hz1t0Y6n5jLrGQbkb4urgPE/0Rve+1kMB1v/oWgHgm4WIcV+i7F2pTVj+2iQ==",
      "license": "MIT",
      "dependencies": {
        "loose-envify": "^1.1.0"
      },
      "engines": {
        "node": ">=0.10.0"
      }
    },
    "node_modules/react-dom": {
      "version": "18.3.1",
      "resolved": "https://registry.npmjs.org/react-dom/-/react-dom-18.3.1.tgz",
      "integrity": "sha512-5m4nQKp+rZRb09LNH59GM4BxTh9251/ylbKIbpe7TpGxfJ+9kv6BLkLBXIjjspbgbnIBNqlI23tRnTWT0snUIw==",
      "license": "MIT",
      "dependencies": {
        "loose-envify": "^1.1.0",
        "scheduler": "^0.23.2"
      },
      "peerDependencies": {
        "react": "^18.3.1"
      }
    },
    "node_modules/sanity-plugin-media": {
      "resolved": "../../node_modules/.pnpm/sanity-plugin-media@2.3.2_@sanity+ui@2.8.10_react-dom@19.0.0-rc-69d4b800-20241021_react@18.3._22ytm5kzcz36vhxv4s3poporvi/node_modules/sanity-plugin-media",
      "link": true
    },
    "node_modules/scheduler": {
      "version": "0.23.2",
      "resolved": "https://registry.npmjs.org/scheduler/-/scheduler-0.23.2.tgz",
      "integrity": "sha512-UOShsPwz7NrMUqhR6t0hWjFduvOzbtv7toDH1/hIrfRNIDBnnBWd0CwJTGvTpngVlmwGCdP9/Zl/tVrDqcuYzQ==",
      "license": "MIT",
      "dependencies": {
        "loose-envify": "^1.1.0"
      }
    }
  }
}
